
Microsoft Visual Studio Solution File, Format Version 12.00
# Visual Studio Version 17
VisualStudioVersion = 17.0.31919.166
MinimumVisualStudioVersion = 10.0.40219.1
Project("{9A19103F-16F7-4668-BE54-9A1E7A4F7556}") = "001", "001\001.csproj", "{C977287D-7527-4C54-96C4-F87170EC689B}"
EndProject
Project("{9A19103F-16F7-4668-BE54-9A1E7A4F7556}") = "002", "002\002.csproj", "{3ABBE551-1E0E-46C1-96BD-6A1512777BFC}"
EndProject
Project("{9A19103F-16F7-4668-BE54-9A1E7A4F7556}") = "003", "003\003.csproj", "{5D87AE7E-DEAA-4F57-B573-08B52666A6AB}"
EndProject
Project("{9A19103F-16F7-4668-BE54-9A1E7A4F7556}") = "004", "004\004.csproj", "{5622F6E1-C529-4A85-B57C-DFBDBD01450C}"
EndProject
Project("{9A19103F-16F7-4668-BE54-9A1E7A4F7556}") = "Classwork2", "Classwork2\Classwork2.csproj", "{69EF8F3C-3BDA-4F89-9323-D8A488DB0B51}"
EndProject
Project("{9A19103F-16F7-4668-BE54-9A1E7A4F7556}") = "ClassWork2_1", "ClassWork2_1\ClassWork2_1.csproj", "{00423A26-BD53-497B-8C00-2C15260C3D0D}"
EndProject
Project("{9A19103F-16F7-4668-BE54-9A1E7A4F7556}") = "Classwork2_2", "Classwork2_2\Classwork2_2.csproj", "{0DBB48E1-05F9-4664-804B-FB2593B1B8A3}"
EndProject
Project("{9A19103F-16F7-4668-BE54-9A1E7A4F7556}") = "013", "013\013.csproj", "{001FAA2A-6F3F-4950-BFCD-636426992037}"
EndProject
Project("{FAE04EC0-301F-11D3-BF4B-00C04F79EFBC}") = "018", "018\018.csproj", "{BEDB7956-0ED5-4E72-AF07-1E502474AF56}"
EndProject
Project("{9A19103F-16F7-4668-BE54-9A1E7A4F7556}") = "019", "019\019.csproj", "{20D3FBEA-0E8E-453F-995F-D478969305ED}"
EndProject
Project("{9A19103F-16F7-4668-BE54-9A1E7A4F7556}") = "Task24", "Task24\Task24.csproj", "{0CB4C94F-ABA0-4544-907E-1F069D868960}"
EndProject
Project("{9A19103F-16F7-4668-BE54-9A1E7A4F7556}") = "024", "024\024.csproj", "{68254B8B-E304-4530-B540-60FB7D1B201F}"
EndProject
Project("{9A19103F-16F7-4668-BE54-9A1E7A4F7556}") = "025", "025\025.csproj", "{E1659CB0-47E6-4BF5-BB5C-2F48891466E1}"
EndProject
Project("{9A19103F-16F7-4668-BE54-9A1E7A4F7556}") = "028", "028\028.csproj", "{AD4C2D8F-F56E-4050-AE1A-132A752733C3}"
EndProject
Project("{9A19103F-16F7-4668-BE54-9A1E7A4F7556}") = "029", "029\029.csproj", "{D27FD765-43ED-460C-96DA-FAAD889FE123}"
EndProject
Project("{FAE04EC0-301F-11D3-BF4B-00C04F79EFBC}") = "026", "026\026.csproj", "{1FA8C4FB-27C9-464B-81F4-D31195CEBE6A}"
EndProject
Project("{FAE04EC0-301F-11D3-BF4B-00C04F79EFBC}") = "027", "027\027.csproj", "{A452E1F9-8BF6-4D50-9250-D17439CB1112}"
EndProject
Project("{FAE04EC0-301F-11D3-BF4B-00C04F79EFBC}") = "030", "030\030.csproj", "{4766A659-FA0E-490D-A451-35190801773B}"
EndProject
Global
	GlobalSection(SolutionConfigurationPlatforms) = preSolution
		Debug|Any CPU = Debug|Any CPU
		Release|Any CPU = Release|Any CPU
	EndGlobalSection
	GlobalSection(ProjectConfigurationPlatforms) = postSolution
		{C977287D-7527-4C54-96C4-F87170EC689B}.Debug|Any CPU.ActiveCfg = Debug|Any CPU
		{C977287D-7527-4C54-96C4-F87170EC689B}.Debug|Any CPU.Build.0 = Debug|Any CPU
		{C977287D-7527-4C54-96C4-F87170EC689B}.Release|Any CPU.ActiveCfg = Release|Any CPU
		{C977287D-7527-4C54-96C4-F87170EC689B}.Release|Any CPU.Build.0 = Release|Any CPU
		{3ABBE551-1E0E-46C1-96BD-6A1512777BFC}.Debug|Any CPU.ActiveCfg = Debug|Any CPU
		{3ABBE551-1E0E-46C1-96BD-6A1512777BFC}.Debug|Any CPU.Build.0 = Debug|Any CPU
		{3ABBE551-1E0E-46C1-96BD-6A1512777BFC}.Release|Any CPU.ActiveCfg = Release|Any CPU
		{3ABBE551-1E0E-46C1-96BD-6A1512777BFC}.Release|Any CPU.Build.0 = Release|Any CPU
		{5D87AE7E-DEAA-4F57-B573-08B52666A6AB}.Debug|Any CPU.ActiveCfg = Debug|Any CPU
		{5D87AE7E-DEAA-4F57-B573-08B52666A6AB}.Debug|Any CPU.Build.0 = Debug|Any CPU
		{5D87AE7E-DEAA-4F57-B573-08B52666A6AB}.Release|Any CPU.ActiveCfg = Release|Any CPU
		{5D87AE7E-DEAA-4F57-B573-08B52666A6AB}.Release|Any CPU.Build.0 = Release|Any CPU
		{5622F6E1-C529-4A85-B57C-DFBDBD01450C}.Debug|Any CPU.ActiveCfg = Debug|Any CPU
		{5622F6E1-C529-4A85-B57C-DFBDBD01450C}.Debug|Any CPU.Build.0 = Debug|Any CPU
		{5622F6E1-C529-4A85-B57C-DFBDBD01450C}.Release|Any CPU.ActiveCfg = Release|Any CPU
		{5622F6E1-C529-4A85-B57C-DFBDBD01450C}.Release|Any CPU.Build.0 = Release|Any CPU
		{69EF8F3C-3BDA-4F89-9323-D8A488DB0B51}.Debug|Any CPU.ActiveCfg = Debug|Any CPU
		{69EF8F3C-3BDA-4F89-9323-D8A488DB0B51}.Debug|Any CPU.Build.0 = Debug|Any CPU
		{69EF8F3C-3BDA-4F89-9323-D8A488DB0B51}.Release|Any CPU.ActiveCfg = Release|Any CPU
		{69EF8F3C-3BDA-4F89-9323-D8A488DB0B51}.Release|Any CPU.Build.0 = Release|Any CPU
		{00423A26-BD53-497B-8C00-2C15260C3D0D}.Debug|Any CPU.ActiveCfg = Debug|Any CPU
		{00423A26-BD53-497B-8C00-2C15260C3D0D}.Debug|Any CPU.Build.0 = Debug|Any CPU
		{00423A26-BD53-497B-8C00-2C15260C3D0D}.Release|Any CPU.ActiveCfg = Release|Any CPU
		{00423A26-BD53-497B-8C00-2C15260C3D0D}.Release|Any CPU.Build.0 = Release|Any CPU
		{0DBB48E1-05F9-4664-804B-FB2593B1B8A3}.Debug|Any CPU.ActiveCfg = Debug|Any CPU
		{0DBB48E1-05F9-4664-804B-FB2593B1B8A3}.Debug|Any CPU.Build.0 = Debug|Any CPU
		{0DBB48E1-05F9-4664-804B-FB2593B1B8A3}.Release|Any CPU.ActiveCfg = Release|Any CPU
		{0DBB48E1-05F9-4664-804B-FB2593B1B8A3}.Release|Any CPU.Build.0 = Release|Any CPU
		{001FAA2A-6F3F-4950-BFCD-636426992037}.Debug|Any CPU.ActiveCfg = Debug|Any CPU
		{001FAA2A-6F3F-4950-BFCD-636426992037}.Debug|Any CPU.Build.0 = Debug|Any CPU
		{001FAA2A-6F3F-4950-BFCD-636426992037}.Release|Any CPU.ActiveCfg = Release|Any CPU
		{001FAA2A-6F3F-4950-BFCD-636426992037}.Release|Any CPU.Build.0 = Release|Any CPU
		{BEDB7956-0ED5-4E72-AF07-1E502474AF56}.Debug|Any CPU.ActiveCfg = Debug|Any CPU
		{BEDB7956-0ED5-4E72-AF07-1E502474AF56}.Debug|Any CPU.Build.0 = Debug|Any CPU
		{BEDB7956-0ED5-4E72-AF07-1E502474AF56}.Release|Any CPU.ActiveCfg = Release|Any CPU
		{BEDB7956-0ED5-4E72-AF07-1E502474AF56}.Release|Any CPU.Build.0 = Release|Any CPU
		{20D3FBEA-0E8E-453F-995F-D478969305ED}.Debug|Any CPU.ActiveCfg = Debug|Any CPU
		{20D3FBEA-0E8E-453F-995F-D478969305ED}.Debug|Any CPU.Build.0 = Debug|Any CPU
		{20D3FBEA-0E8E-453F-995F-D478969305ED}.Release|Any CPU.ActiveCfg = Release|Any CPU
		{20D3FBEA-0E8E-453F-995F-D478969305ED}.Release|Any CPU.Build.0 = Release|Any CPU
		{0CB4C94F-ABA0-4544-907E-1F069D868960}.Debug|Any CPU.ActiveCfg = Debug|Any CPU
		{0CB4C94F-ABA0-4544-907E-1F069D868960}.Debug|Any CPU.Build.0 = Debug|Any CPU
		{0CB4C94F-ABA0-4544-907E-1F069D868960}.Release|Any CPU.ActiveCfg = Release|Any CPU
		{0CB4C94F-ABA0-4544-907E-1F069D868960}.Release|Any CPU.Build.0 = Release|Any CPU
		{68254B8B-E304-4530-B540-60FB7D1B201F}.Debug|Any CPU.ActiveCfg = Debug|Any CPU
		{68254B8B-E304-4530-B540-60FB7D1B201F}.Debug|Any CPU.Build.0 = Debug|Any CPU
		{68254B8B-E304-4530-B540-60FB7D1B201F}.Release|Any CPU.ActiveCfg = Release|Any CPU
		{68254B8B-E304-4530-B540-60FB7D1B201F}.Release|Any CPU.Build.0 = Release|Any CPU
		{E1659CB0-47E6-4BF5-BB5C-2F48891466E1}.Debug|Any CPU.ActiveCfg = Debug|Any CPU
		{E1659CB0-47E6-4BF5-BB5C-2F48891466E1}.Debug|Any CPU.Build.0 = Debug|Any CPU
		{E1659CB0-47E6-4BF5-BB5C-2F48891466E1}.Release|Any CPU.ActiveCfg = Release|Any CPU
		{E1659CB0-47E6-4BF5-BB5C-2F48891466E1}.Release|Any CPU.Build.0 = Release|Any CPU
		{AD4C2D8F-F56E-4050-AE1A-132A752733C3}.Debug|Any CPU.ActiveCfg = Debug|Any CPU
		{AD4C2D8F-F56E-4050-AE1A-132A752733C3}.Debug|Any CPU.Build.0 = Debug|Any CPU
		{AD4C2D8F-F56E-4050-AE1A-132A752733C3}.Release|Any CPU.ActiveCfg = Release|Any CPU
		{AD4C2D8F-F56E-4050-AE1A-132A752733C3}.Release|Any CPU.Build.0 = Release|Any CPU
		{D27FD765-43ED-460C-96DA-FAAD889FE123}.Debug|Any CPU.ActiveCfg = Debug|Any CPU
		{D27FD765-43ED-460C-96DA-FAAD889FE123}.Debug|Any CPU.Build.0 = Debug|Any CPU
		{D27FD765-43ED-460C-96DA-FAAD889FE123}.Release|Any CPU.ActiveCfg = Release|Any CPU
		{D27FD765-43ED-460C-96DA-FAAD889FE123}.Release|Any CPU.Build.0 = Release|Any CPU
		{1FA8C4FB-27C9-464B-81F4-D31195CEBE6A}.Debug|Any CPU.ActiveCfg = Debug|Any CPU
		{1FA8C4FB-27C9-464B-81F4-D31195CEBE6A}.Debug|Any CPU.Build.0 = Debug|Any CPU
		{1FA8C4FB-27C9-464B-81F4-D31195CEBE6A}.Release|Any CPU.ActiveCfg = Release|Any CPU
		{1FA8C4FB-27C9-464B-81F4-D31195CEBE6A}.Release|Any CPU.Build.0 = Release|Any CPU
		{A452E1F9-8BF6-4D50-9250-D17439CB1112}.Debug|Any CPU.ActiveCfg = Debug|Any CPU
		{A452E1F9-8BF6-4D50-9250-D17439CB1112}.Debug|Any CPU.Build.0 = Debug|Any CPU
		{A452E1F9-8BF6-4D50-9250-D17439CB1112}.Release|Any CPU.ActiveCfg = Release|Any CPU
		{A452E1F9-8BF6-4D50-9250-D17439CB1112}.Release|Any CPU.Build.0 = Release|Any CPU
		{4766A659-FA0E-490D-A451-35190801773B}.Debug|Any CPU.ActiveCfg = Debug|Any CPU
		{4766A659-FA0E-490D-A451-35190801773B}.Debug|Any CPU.Build.0 = Debug|Any CPU
		{4766A659-FA0E-490D-A451-35190801773B}.Release|Any CPU.ActiveCfg = Release|Any CPU
		{4766A659-FA0E-490D-A451-35190801773B}.Release|Any CPU.Build.0 = Release|Any CPU
	EndGlobalSection
	GlobalSection(SolutionProperties) = preSolution
		HideSolutionNode = FALSE
	EndGlobalSection
	GlobalSection(ExtensibilityGlobals) = postSolution
		SolutionGuid = {D5E5540C-AF5B-445E-A8F4-11DC1B6F28EC}
	EndGlobalSection
EndGlobal
