
Microsoft Visual Studio Solution File, Format Version 12.00
# Visual Studio Version 17
VisualStudioVersion = 17.0.31919.166
MinimumVisualStudioVersion = 10.0.40219.1
Project("{9A19103F-16F7-4668-BE54-9A1E7A4F7556}") = "001", "001\001.csproj", "{C977287D-7527-4C54-96C4-F87170EC689B}"
EndProject
Project("{9A19103F-16F7-4668-BE54-9A1E7A4F7556}") = "002", "002\002.csproj", "{3ABBE551-1E0E-46C1-96BD-6A1512777BFC}"
EndProject
Project("{9A19103F-16F7-4668-BE54-9A1E7A4F7556}") = "003", "003\003.csproj", "{5D87AE7E-DEAA-4F57-B573-08B52666A6AB}"
EndProject
Project("{9A19103F-16F7-4668-BE54-9A1E7A4F7556}") = "004", "004\004.csproj", "{5622F6E1-C529-4A85-B57C-DFBDBD01450C}"
EndProject
Project("{9A19103F-16F7-4668-BE54-9A1E7A4F7556}") = "Classwork2", "Classwork2\Classwork2.csproj", "{69EF8F3C-3BDA-4F89-9323-D8A488DB0B51}"
EndProject
Project("{9A19103F-16F7-4668-BE54-9A1E7A4F7556}") = "ClassWork2_1", "ClassWork2_1\ClassWork2_1.csproj", "{00423A26-BD53-497B-8C00-2C15260C3D0D}"
EndProject
Project("{9A19103F-16F7-4668-BE54-9A1E7A4F7556}") = "Classwork2_2", "Classwork2_2\Classwork2_2.csproj", "{0DBB48E1-05F9-4664-804B-FB2593B1B8A3}"
EndProject
Project("{9A19103F-16F7-4668-BE54-9A1E7A4F7556}") = "013", "013\013.csproj", "{001FAA2A-6F3F-4950-BFCD-636426992037}"
EndProject
Project("{FAE04EC0-301F-11D3-BF4B-00C04F79EFBC}") = "018", "018\018.csproj", "{BEDB7956-0ED5-4E72-AF07-1E502474AF56}"
EndProject
Global
	GlobalSection(SolutionConfigurationPlatforms) = preSolution
		Debug|Any CPU = Debug|Any CPU
		Release|Any CPU = Release|Any CPU
	EndGlobalSection
	GlobalSection(ProjectConfigurationPlatforms) = postSolution
		{C977287D-7527-4C54-96C4-F87170EC689B}.Debug|Any CPU.ActiveCfg = Debug|Any CPU
		{C977287D-7527-4C54-96C4-F87170EC689B}.Debug|Any CPU.Build.0 = Debug|Any CPU
		{C977287D-7527-4C54-96C4-F87170EC689B}.Release|Any CPU.ActiveCfg = Release|Any CPU
		{C977287D-7527-4C54-96C4-F87170EC689B}.Release|Any CPU.Build.0 = Release|Any CPU
		{3ABBE551-1E0E-46C1-96BD-6A1512777BFC}.Debug|Any CPU.ActiveCfg = Debug|Any CPU
		{3ABBE551-1E0E-46C1-96BD-6A1512777BFC}.Debug|Any CPU.Build.0 = Debug|Any CPU
		{3ABBE551-1E0E-46C1-96BD-6A1512777BFC}.Release|Any CPU.ActiveCfg = Release|Any CPU
		{3ABBE551-1E0E-46C1-96BD-6A1512777BFC}.Release|Any CPU.Build.0 = Release|Any CPU
		{5D87AE7E-DEAA-4F57-B573-08B52666A6AB}.Debug|Any CPU.ActiveCfg = Debug|Any CPU
		{5D87AE7E-DEAA-4F57-B573-08B52666A6AB}.Debug|Any CPU.Build.0 = Debug|Any CPU
		{5D87AE7E-DEAA-4F57-B573-08B52666A6AB}.Release|Any CPU.ActiveCfg = Release|Any CPU
		{5D87AE7E-DEAA-4F57-B573-08B52666A6AB}.Release|Any CPU.Build.0 = Release|Any CPU
		{5622F6E1-C529-4A85-B57C-DFBDBD01450C}.Debug|Any CPU.ActiveCfg = Debug|Any CPU
		{5622F6E1-C529-4A85-B57C-DFBDBD01450C}.Debug|Any CPU.Build.0 = Debug|Any CPU
		{5622F6E1-C529-4A85-B57C-DFBDBD01450C}.Release|Any CPU.ActiveCfg = Release|Any CPU
		{5622F6E1-C529-4A85-B57C-DFBDBD01450C}.Release|Any CPU.Build.0 = Release|Any CPU
		{69EF8F3C-3BDA-4F89-9323-D8A488DB0B51}.Debug|Any CPU.ActiveCfg = Debug|Any CPU
		{69EF8F3C-3BDA-4F89-9323-D8A488DB0B51}.Debug|Any CPU.Build.0 = Debug|Any CPU
		{69EF8F3C-3BDA-4F89-9323-D8A488DB0B51}.Release|Any CPU.ActiveCfg = Release|Any CPU
		{69EF8F3C-3BDA-4F89-9323-D8A488DB0B51}.Release|Any CPU.Build.0 = Release|Any CPU
		{00423A26-BD53-497B-8C00-2C15260C3D0D}.Debug|Any CPU.ActiveCfg = Debug|Any CPU
		{00423A26-BD53-497B-8C00-2C15260C3D0D}.Debug|Any CPU.Build.0 = Debug|Any CPU
		{00423A26-BD53-497B-8C00-2C15260C3D0D}.Release|Any CPU.ActiveCfg = Release|Any CPU
		{00423A26-BD53-497B-8C00-2C15260C3D0D}.Release|Any CPU.Build.0 = Release|Any CPU
		{0DBB48E1-05F9-4664-804B-FB2593B1B8A3}.Debug|Any CPU.ActiveCfg = Debug|Any CPU
		{0DBB48E1-05F9-4664-804B-FB2593B1B8A3}.Debug|Any CPU.Build.0 = Debug|Any CPU
		{0DBB48E1-05F9-4664-804B-FB2593B1B8A3}.Release|Any CPU.ActiveCfg = Release|Any CPU
		{0DBB48E1-05F9-4664-804B-FB2593B1B8A3}.Release|Any CPU.Build.0 = Release|Any CPU
		{001FAA2A-6F3F-4950-BFCD-636426992037}.Debug|Any CPU.ActiveCfg = Debug|Any CPU
		{001FAA2A-6F3F-4950-BFCD-636426992037}.Debug|Any CPU.Build.0 = Debug|Any CPU
		{001FAA2A-6F3F-4950-BFCD-636426992037}.Release|Any CPU.ActiveCfg = Release|Any CPU
		{001FAA2A-6F3F-4950-BFCD-636426992037}.Release|Any CPU.Build.0 = Release|Any CPU
		{BEDB7956-0ED5-4E72-AF07-1E502474AF56}.Debug|Any CPU.ActiveCfg = Debug|Any CPU
		{BEDB7956-0ED5-4E72-AF07-1E502474AF56}.Debug|Any CPU.Build.0 = Debug|Any CPU
		{BEDB7956-0ED5-4E72-AF07-1E502474AF56}.Release|Any CPU.ActiveCfg = Release|Any CPU
		{BEDB7956-0ED5-4E72-AF07-1E502474AF56}.Release|Any CPU.Build.0 = Release|Any CPU
	EndGlobalSection
	GlobalSection(SolutionProperties) = preSolution
		HideSolutionNode = FALSE
	EndGlobalSection
	GlobalSection(ExtensibilityGlobals) = postSolution
		SolutionGuid = {D5E5540C-AF5B-445E-A8F4-11DC1B6F28EC}
	EndGlobalSection
EndGlobal
