
Microsoft Visual Studio Solution File, Format Version 12.00
# Visual Studio Version 17
VisualStudioVersion = 17.0.32014.148
MinimumVisualStudioVersion = 10.0.40219.1
Project("{FAE04EC0-301F-11D3-BF4B-00C04F79EFBC}") = "040", "040\040.csproj", "{398B26FC-7C0E-424B-A73F-6EA64777C786}"
EndProject
Project("{FAE04EC0-301F-11D3-BF4B-00C04F79EFBC}") = "042", "042\042.csproj", "{248FF373-D9B3-4E13-8902-88BFBCF8A269}"
EndProject
Project("{FAE04EC0-301F-11D3-BF4B-00C04F79EFBC}") = "043", "043\043.csproj", "{4430DF62-DA73-4E83-A28F-F317858F5121}"
EndProject
Project("{FAE04EC0-301F-11D3-BF4B-00C04F79EFBC}") = "049", "049\049.csproj", "{DFAE40B8-F4C6-4440-BEF7-D53A0548D1F6}"
EndProject
Project("{FAE04EC0-301F-11D3-BF4B-00C04F79EFBC}") = "050", "050\050.csproj", "{650F6916-B495-4AA0-B04D-BEE8DD1E6B6D}"
EndProject
Project("{FAE04EC0-301F-11D3-BF4B-00C04F79EFBC}") = "052", "052\052.csproj", "{A53FAB78-2E4C-4FC0-B94B-AA16532C649C}"
EndProject
Project("{FAE04EC0-301F-11D3-BF4B-00C04F79EFBC}") = "051", "051\051.csproj", "{E9F23670-2504-44FD-B993-B581AA97CCAE}"
EndProject
Project("{FAE04EC0-301F-11D3-BF4B-00C04F79EFBC}") = "053", "053\053.csproj", "{38CBC0CB-4B8D-49A5-85E3-07C01A8DC1EB}"
EndProject
Project("{FAE04EC0-301F-11D3-BF4B-00C04F79EFBC}") = "044", "044\044.csproj", "{FC3598A5-0EEE-4B77-9EA1-A4A34508FBAF}"
EndProject
Project("{2150E333-8FDC-42A3-9474-1A3956D46DE8}") = "Solution Items", "Solution Items", "{D27A9CF9-B915-4A87-A291-1850387BA55B}"
	ProjectSection(SolutionItems) = preProject
		.editorconfig = .editorconfig
	EndProjectSection
EndProject
Project("{FAE04EC0-301F-11D3-BF4B-00C04F79EFBC}") = "045", "045\045.csproj", "{A6E2CB46-6971-49ED-82B4-BE59C0065205}"
EndProject
Project("{FAE04EC0-301F-11D3-BF4B-00C04F79EFBC}") = "047", "047\047.csproj", "{4DE865A7-FDC1-4F04-A913-2E3B5C8F6FB2}"
EndProject
Project("{FAE04EC0-301F-11D3-BF4B-00C04F79EFBC}") = "046", "046\046.csproj", "{1221D692-3A9E-4DF1-BCE7-A44DA1813AE6}"
EndProject
Global
	GlobalSection(SolutionConfigurationPlatforms) = preSolution
		Debug|Any CPU = Debug|Any CPU
		Release|Any CPU = Release|Any CPU
	EndGlobalSection
	GlobalSection(ProjectConfigurationPlatforms) = postSolution
		{398B26FC-7C0E-424B-A73F-6EA64777C786}.Debug|Any CPU.ActiveCfg = Debug|Any CPU
		{398B26FC-7C0E-424B-A73F-6EA64777C786}.Debug|Any CPU.Build.0 = Debug|Any CPU
		{398B26FC-7C0E-424B-A73F-6EA64777C786}.Release|Any CPU.ActiveCfg = Release|Any CPU
		{398B26FC-7C0E-424B-A73F-6EA64777C786}.Release|Any CPU.Build.0 = Release|Any CPU
		{248FF373-D9B3-4E13-8902-88BFBCF8A269}.Debug|Any CPU.ActiveCfg = Debug|Any CPU
		{248FF373-D9B3-4E13-8902-88BFBCF8A269}.Debug|Any CPU.Build.0 = Debug|Any CPU
		{248FF373-D9B3-4E13-8902-88BFBCF8A269}.Release|Any CPU.ActiveCfg = Release|Any CPU
		{248FF373-D9B3-4E13-8902-88BFBCF8A269}.Release|Any CPU.Build.0 = Release|Any CPU
		{4430DF62-DA73-4E83-A28F-F317858F5121}.Debug|Any CPU.ActiveCfg = Debug|Any CPU
		{4430DF62-DA73-4E83-A28F-F317858F5121}.Debug|Any CPU.Build.0 = Debug|Any CPU
		{4430DF62-DA73-4E83-A28F-F317858F5121}.Release|Any CPU.ActiveCfg = Release|Any CPU
		{4430DF62-DA73-4E83-A28F-F317858F5121}.Release|Any CPU.Build.0 = Release|Any CPU
		{DFAE40B8-F4C6-4440-BEF7-D53A0548D1F6}.Debug|Any CPU.ActiveCfg = Debug|Any CPU
		{DFAE40B8-F4C6-4440-BEF7-D53A0548D1F6}.Debug|Any CPU.Build.0 = Debug|Any CPU
		{DFAE40B8-F4C6-4440-BEF7-D53A0548D1F6}.Release|Any CPU.ActiveCfg = Release|Any CPU
		{DFAE40B8-F4C6-4440-BEF7-D53A0548D1F6}.Release|Any CPU.Build.0 = Release|Any CPU
		{650F6916-B495-4AA0-B04D-BEE8DD1E6B6D}.Debug|Any CPU.ActiveCfg = Debug|Any CPU
		{650F6916-B495-4AA0-B04D-BEE8DD1E6B6D}.Debug|Any CPU.Build.0 = Debug|Any CPU
		{650F6916-B495-4AA0-B04D-BEE8DD1E6B6D}.Release|Any CPU.ActiveCfg = Release|Any CPU
		{650F6916-B495-4AA0-B04D-BEE8DD1E6B6D}.Release|Any CPU.Build.0 = Release|Any CPU
		{A53FAB78-2E4C-4FC0-B94B-AA16532C649C}.Debug|Any CPU.ActiveCfg = Debug|Any CPU
		{A53FAB78-2E4C-4FC0-B94B-AA16532C649C}.Debug|Any CPU.Build.0 = Debug|Any CPU
		{A53FAB78-2E4C-4FC0-B94B-AA16532C649C}.Release|Any CPU.ActiveCfg = Release|Any CPU
		{A53FAB78-2E4C-4FC0-B94B-AA16532C649C}.Release|Any CPU.Build.0 = Release|Any CPU
		{E9F23670-2504-44FD-B993-B581AA97CCAE}.Debug|Any CPU.ActiveCfg = Debug|Any CPU
		{E9F23670-2504-44FD-B993-B581AA97CCAE}.Debug|Any CPU.Build.0 = Debug|Any CPU
		{E9F23670-2504-44FD-B993-B581AA97CCAE}.Release|Any CPU.ActiveCfg = Release|Any CPU
		{E9F23670-2504-44FD-B993-B581AA97CCAE}.Release|Any CPU.Build.0 = Release|Any CPU
		{38CBC0CB-4B8D-49A5-85E3-07C01A8DC1EB}.Debug|Any CPU.ActiveCfg = Debug|Any CPU
		{38CBC0CB-4B8D-49A5-85E3-07C01A8DC1EB}.Debug|Any CPU.Build.0 = Debug|Any CPU
		{38CBC0CB-4B8D-49A5-85E3-07C01A8DC1EB}.Release|Any CPU.ActiveCfg = Release|Any CPU
		{38CBC0CB-4B8D-49A5-85E3-07C01A8DC1EB}.Release|Any CPU.Build.0 = Release|Any CPU
		{FC3598A5-0EEE-4B77-9EA1-A4A34508FBAF}.Debug|Any CPU.ActiveCfg = Debug|Any CPU
		{FC3598A5-0EEE-4B77-9EA1-A4A34508FBAF}.Debug|Any CPU.Build.0 = Debug|Any CPU
		{FC3598A5-0EEE-4B77-9EA1-A4A34508FBAF}.Release|Any CPU.ActiveCfg = Release|Any CPU
		{FC3598A5-0EEE-4B77-9EA1-A4A34508FBAF}.Release|Any CPU.Build.0 = Release|Any CPU
		{A6E2CB46-6971-49ED-82B4-BE59C0065205}.Debug|Any CPU.ActiveCfg = Debug|Any CPU
		{A6E2CB46-6971-49ED-82B4-BE59C0065205}.Debug|Any CPU.Build.0 = Debug|Any CPU
		{A6E2CB46-6971-49ED-82B4-BE59C0065205}.Release|Any CPU.ActiveCfg = Release|Any CPU
		{A6E2CB46-6971-49ED-82B4-BE59C0065205}.Release|Any CPU.Build.0 = Release|Any CPU
		{4DE865A7-FDC1-4F04-A913-2E3B5C8F6FB2}.Debug|Any CPU.ActiveCfg = Debug|Any CPU
		{4DE865A7-FDC1-4F04-A913-2E3B5C8F6FB2}.Debug|Any CPU.Build.0 = Debug|Any CPU
		{4DE865A7-FDC1-4F04-A913-2E3B5C8F6FB2}.Release|Any CPU.ActiveCfg = Release|Any CPU
		{4DE865A7-FDC1-4F04-A913-2E3B5C8F6FB2}.Release|Any CPU.Build.0 = Release|Any CPU
		{1221D692-3A9E-4DF1-BCE7-A44DA1813AE6}.Debug|Any CPU.ActiveCfg = Debug|Any CPU
		{1221D692-3A9E-4DF1-BCE7-A44DA1813AE6}.Debug|Any CPU.Build.0 = Debug|Any CPU
		{1221D692-3A9E-4DF1-BCE7-A44DA1813AE6}.Release|Any CPU.ActiveCfg = Release|Any CPU
		{1221D692-3A9E-4DF1-BCE7-A44DA1813AE6}.Release|Any CPU.Build.0 = Release|Any CPU
	EndGlobalSection
	GlobalSection(SolutionProperties) = preSolution
		HideSolutionNode = FALSE
	EndGlobalSection
	GlobalSection(ExtensibilityGlobals) = postSolution
		SolutionGuid = {38807222-4BBD-45E3-B4E6-2C07EAEC23E4}
	EndGlobalSection
EndGlobal
