
Microsoft Visual Studio Solution File, Format Version 12.00
# Visual Studio Version 17
VisualStudioVersion = 17.0.32112.339
MinimumVisualStudioVersion = 10.0.40219.1
Project("{FAE04EC0-301F-11D3-BF4B-00C04F79EFBC}") = "Invoice", "Invoice\Invoice.csproj", "{F08645D8-CAFC-42AF-B1A9-378456A628C8}"
EndProject
Global
	GlobalSection(SolutionConfigurationPlatforms) = preSolution
		Debug|Any CPU = Debug|Any CPU
		Release|Any CPU = Release|Any CPU
	EndGlobalSection
	GlobalSection(ProjectConfigurationPlatforms) = postSolution
		{F08645D8-CAFC-42AF-B1A9-378456A628C8}.Debug|Any CPU.ActiveCfg = Debug|Any CPU
		{F08645D8-CAFC-42AF-B1A9-378456A628C8}.Debug|Any CPU.Build.0 = Debug|Any CPU
		{F08645D8-CAFC-42AF-B1A9-378456A628C8}.Release|Any CPU.ActiveCfg = Release|Any CPU
		{F08645D8-CAFC-42AF-B1A9-378456A628C8}.Release|Any CPU.Build.0 = Release|Any CPU
	EndGlobalSection
	GlobalSection(SolutionProperties) = preSolution
		HideSolutionNode = FALSE
	EndGlobalSection
	GlobalSection(ExtensibilityGlobals) = postSolution
		SolutionGuid = {E56609A4-9562-425B-86E7-5B105422E99D}
	EndGlobalSection
EndGlobal
